
Microsoft Visual Studio Solution File, Format Version 12.00
# Visual Studio 15
Project("{FAE04EC0-301F-11D3-BF4B-00C04F79EFBC}") = "Assembly-CSharp", "Assembly-CSharp.csproj", "{497F8869-00B7-9824-7126-1DA9C1A1074C}"
EndProject
Project("{FAE04EC0-301F-11D3-BF4B-00C04F79EFBC}") = "Assembly-CSharp-Editor-firstpass", "Assembly-CSharp-Editor-firstpass.csproj", "{1BC1B988-BF06-C400-37C5-11C992B1D171}"
EndProject
Global
	GlobalSection(SolutionConfigurationPlatforms) = preSolution
		Debug|Any CPU = Debug|Any CPU
		Release|Any CPU = Release|Any CPU
	EndGlobalSection
	GlobalSection(ProjectConfigurationPlatforms) = postSolution
		{497F8869-00B7-9824-7126-1DA9C1A1074C}.Debug|Any CPU.ActiveCfg = Debug|Any CPU
		{497F8869-00B7-9824-7126-1DA9C1A1074C}.Debug|Any CPU.Build.0 = Debug|Any CPU
		{497F8869-00B7-9824-7126-1DA9C1A1074C}.Release|Any CPU.ActiveCfg = Release|Any CPU
		{497F8869-00B7-9824-7126-1DA9C1A1074C}.Release|Any CPU.Build.0 = Release|Any CPU
		{1BC1B988-BF06-C400-37C5-11C992B1D171}.Debug|Any CPU.ActiveCfg = Debug|Any CPU
		{1BC1B988-BF06-C400-37C5-11C992B1D171}.Debug|Any CPU.Build.0 = Debug|Any CPU
		{1BC1B988-BF06-C400-37C5-11C992B1D171}.Release|Any CPU.ActiveCfg = Release|Any CPU
		{1BC1B988-BF06-C400-37C5-11C992B1D171}.Release|Any CPU.Build.0 = Release|Any CPU
	EndGlobalSection
	GlobalSection(SolutionProperties) = preSolution
		HideSolutionNode = FALSE
	EndGlobalSection
EndGlobal
